
Microsoft Visual Studio Solution File, Format Version 12.00
# Visual Studio 15
VisualStudioVersion = 15.0.28307.1169
MinimumVisualStudioVersion = 10.0.40219.1
Project("{FAE04EC0-301F-11D3-BF4B-00C04F79EFBC}") = "Polyclinic2", "Polyclinic2\Polyclinic2.csproj", "{C7525855-A221-4AF2-A2AF-22DFD6F37774}"
EndProject
Project("{FAE04EC0-301F-11D3-BF4B-00C04F79EFBC}") = "UnitTestProject_Polyclinic", "UnitTestProject_Polyclinic\UnitTestProject_Polyclinic.csproj", "{6B97DCFE-C7B9-45C0-B7E4-4AAC6EF633D8}"
EndProject
Global
	GlobalSection(SolutionConfigurationPlatforms) = preSolution
		Debug|Any CPU = Debug|Any CPU
		Release|Any CPU = Release|Any CPU
	EndGlobalSection
	GlobalSection(ProjectConfigurationPlatforms) = postSolution
		{C7525855-A221-4AF2-A2AF-22DFD6F37774}.Debug|Any CPU.ActiveCfg = Debug|Any CPU
		{C7525855-A221-4AF2-A2AF-22DFD6F37774}.Debug|Any CPU.Build.0 = Debug|Any CPU
		{C7525855-A221-4AF2-A2AF-22DFD6F37774}.Release|Any CPU.ActiveCfg = Release|Any CPU
		{C7525855-A221-4AF2-A2AF-22DFD6F37774}.Release|Any CPU.Build.0 = Release|Any CPU
		{6B97DCFE-C7B9-45C0-B7E4-4AAC6EF633D8}.Debug|Any CPU.ActiveCfg = Debug|Any CPU
		{6B97DCFE-C7B9-45C0-B7E4-4AAC6EF633D8}.Debug|Any CPU.Build.0 = Debug|Any CPU
		{6B97DCFE-C7B9-45C0-B7E4-4AAC6EF633D8}.Release|Any CPU.ActiveCfg = Release|Any CPU
		{6B97DCFE-C7B9-45C0-B7E4-4AAC6EF633D8}.Release|Any CPU.Build.0 = Release|Any CPU
	EndGlobalSection
	GlobalSection(SolutionProperties) = preSolution
		HideSolutionNode = FALSE
	EndGlobalSection
	GlobalSection(ExtensibilityGlobals) = postSolution
		SolutionGuid = {045513A7-368A-4C84-B286-EB408090F75F}
	EndGlobalSection
EndGlobal
